// !$*UTF8*$!
{
	archiveVersion = 1;
	classes = {
	};
	objectVersion = 50;
	objects = {

/* Begin PBXBuildFile section */
		1FF0AFD62176E56800D2EF26 /* AppDelegate.swift in Sources */ = {isa = PBXBuildFile; fileRef = 1FF0AFD52176E56800D2EF26 /* AppDelegate.swift */; };
		1FF0AFD82176E56800D2EF26 /* ViewController.swift in Sources */ = {isa = PBXBuildFile; fileRef = 1FF0AFD72176E56800D2EF26 /* ViewController.swift */; };
		1FF0AFDB2176E56800D2EF26 /* Main.storyboard in Resources */ = {isa = PBXBuildFile; fileRef = 1FF0AFD92176E56800D2EF26 /* Main.storyboard */; };
		1FF0AFDD2176E56B00D2EF26 /* Assets.xcassets in Resources */ = {isa = PBXBuildFile; fileRef = 1FF0AFDC2176E56B00D2EF26 /* Assets.xcassets */; };
		1FF0AFE02176E56B00D2EF26 /* LaunchScreen.storyboard in Resources */ = {isa = PBXBuildFile; fileRef = 1FF0AFDE2176E56B00D2EF26 /* LaunchScreen.storyboard */; };
		533F64869F60BD126C88DF86 /* Pods_googleMap.framework in Frameworks */ = {isa = PBXBuildFile; fileRef = 5C7267E5281586FE5EEAD281 /* Pods_googleMap.framework */; };
/* End PBXBuildFile section */

/* Begin PBXFileReference section */
		1FF0AFD22176E56800D2EF26 /* googleMap.app */ = {isa = PBXFileReference; explicitFileType = wrapper.application; includeInIndex = 0; path = googleMap.app; sourceTree = BUILT_PRODUCTS_DIR; };
		1FF0AFD52176E56800D2EF26 /* AppDelegate.swift */ = {isa = PBXFileReference; lastKnownFileType = sourcecode.swift; path = AppDelegate.swift; sourceTree = "<group>"; };
		1FF0AFD72176E56800D2EF26 /* ViewController.swift */ = {isa = PBXFileReference; lastKnownFileType = sourcecode.swift; path = ViewController.swift; sourceTree = "<group>"; };
		1FF0AFDA2176E56800D2EF26 /* Base */ = {isa = PBXFileReference; lastKnownFileType = file.storyboard; name = Base; path = Base.lproj/Main.storyboard; sourceTree = "<group>"; };
		1FF0AFDC2176E56B00D2EF26 /* Assets.xcassets */ = {isa = PBXFileReference; lastKnownFileType = folder.assetcatalog; path = Assets.xcassets; sourceTree = "<group>"; };
		1FF0AFDF2176E56B00D2EF26 /* Base */ = {isa = PBXFileReference; lastKnownFileType = file.storyboard; name = Base; path = Base.lproj/LaunchScreen.storyboard; sourceTree = "<group>"; };
		1FF0AFE12176E56B00D2EF26 /* Info.plist */ = {isa = PBXFileReference; lastKnownFileType = text.plist.xml; path = Info.plist; sourceTree = "<group>"; };
		584B0D4A8D9419C683BFE1C5 /* Pods-googleMap.release.xcconfig */ = {isa = PBXFileReference; includeInIndex = 1; lastKnownFileType = text.xcconfig; name = "Pods-googleMap.release.xcconfig"; path = "Pods/Target Support Files/Pods-googleMap/Pods-googleMap.release.xcconfig"; sourceTree = "<group>"; };
		5C7267E5281586FE5EEAD281 /* Pods_googleMap.framework */ = {isa = PBXFileReference; explicitFileType = wrapper.framework; includeInIndex = 0; path = Pods_googleMap.framework; sourceTree = BUILT_PRODUCTS_DIR; };
		FD292D84386B51209B12C6FD /* Pods-googleMap.debug.xcconfig */ = {isa = PBXFileReference; includeInIndex = 1; lastKnownFileType = text.xcconfig; name = "Pods-googleMap.debug.xcconfig"; path = "Pods/Target Support Files/Pods-googleMap/Pods-googleMap.debug.xcconfig"; sourceTree = "<group>"; };
/* End PBXFileReference section */

/* Begin PBXFrameworksBuildPhase section */
		1FF0AFCF2176E56800D2EF26 /* Frameworks */ = {
			isa = PBXFrameworksBuildPhase;
			buildActionMask = 2147483647;
			files = (
				533F64869F60BD126C88DF86 /* Pods_googleMap.framework in Frameworks */,
			);
			runOnlyForDeploymentPostprocessing = 0;
		};
/* End PBXFrameworksBuildPhase section */

/* Begin PBXGroup section */
		1FF0AFC92176E56800D2EF26 = {
			isa = PBXGroup;
			children = (
				1FF0AFD42176E56800D2EF26 /* googleMap */,
				1FF0AFD32176E56800D2EF26 /* Products */,
				BCC46345382878DB4D59B7B4 /* Pods */,
				CD3B64C1D3650F4E80413BC9 /* Frameworks */,
			);
			sourceTree = "<group>";
		};
		1FF0AFD32176E56800D2EF26 /* Products */ = {
			isa = PBXGroup;
			children = (
				1FF0AFD22176E56800D2EF26 /* googleMap.app */,
			);
			name = Products;
			sourceTree = "<group>";
		};
		1FF0AFD42176E56800D2EF26 /* googleMap */ = {
			isa = PBXGroup;
			children = (
				1FF0AFD52176E56800D2EF26 /* AppDelegate.swift */,
				1FF0AFD72176E56800D2EF26 /* ViewController.swift */,
				1FF0AFD92176E56800D2EF26 /* Main.storyboard */,
				1FF0AFDC2176E56B00D2EF26 /* Assets.xcassets */,
				1FF0AFDE2176E56B00D2EF26 /* LaunchScreen.storyboard */,
				1FF0AFE12176E56B00D2EF26 /* Info.plist */,
			);
			path = googleMap;
			sourceTree = "<group>";
		};
		BCC46345382878DB4D59B7B4 /* Pods */ = {
			isa = PBXGroup;
			children = (
				FD292D84386B51209B12C6FD /* Pods-googleMap.debug.xcconfig */,
				584B0D4A8D9419C683BFE1C5 /* Pods-googleMap.release.xcconfig */,
			);
			name = Pods;
			sourceTree = "<group>";
		};
		CD3B64C1D3650F4E80413BC9 /* Frameworks */ = {
			isa = PBXGroup;
			children = (
				5C7267E5281586FE5EEAD281 /* Pods_googleMap.framework */,
			);
			name = Frameworks;
			sourceTree = "<group>";
		};
/* End PBXGroup section */

/* Begin PBXNativeTarget section */
		1FF0AFD12176E56800D2EF26 /* googleMap */ = {
			isa = PBXNativeTarget;
			buildConfigurationList = 1FF0AFE42176E56B00D2EF26 /* Build configuration list for PBXNativeTarget "googleMap" */;
			buildPhases = (
				C3B48DE294FC26BB6B899B46 /* [CP] Check Pods Manifest.lock */,
				1FF0AFCE2176E56800D2EF26 /* Sources */,
				1FF0AFCF2176E56800D2EF26 /* Frameworks */,
				1FF0AFD02176E56800D2EF26 /* Resources */,
				6014F1F3118A832D68976073 /* [CP] Copy Pods Resources */,
				B847E71A6582F5271A53FEAC /* [CP] Embed Pods Frameworks */,
			);
			buildRules = (
			);
			dependencies = (
			);
			name = googleMap;
			productName = googleMap;
			productReference = 1FF0AFD22176E56800D2EF26 /* googleMap.app */;
			productType = "com.apple.product-type.application";
		};
/* End PBXNativeTarget section */

/* Begin PBXProject section */
		1FF0AFCA2176E56800D2EF26 /* Project object */ = {
			isa = PBXProject;
			attributes = {
				LastSwiftUpdateCheck = 0940;
				LastUpgradeCheck = 0940;
				ORGANIZATIONNAME = "Vinson Han";
				TargetAttributes = {
					1FF0AFD12176E56800D2EF26 = {
						CreatedOnToolsVersion = 9.4.1;
					};
				};
			};
			buildConfigurationList = 1FF0AFCD2176E56800D2EF26 /* Build configuration list for PBXProject "googleMap" */;
			compatibilityVersion = "Xcode 9.3";
			developmentRegion = en;
			hasScannedForEncodings = 0;
			knownRegions = (
				en,
				Base,
			);
			mainGroup = 1FF0AFC92176E56800D2EF26;
			productRefGroup = 1FF0AFD32176E56800D2EF26 /* Products */;
			projectDirPath = "";
			projectRoot = "";
			targets = (
				1FF0AFD12176E56800D2EF26 /* googleMap */,
			);
		};
/* End PBXProject section */

/* Begin PBXResourcesBuildPhase section */
		1FF0AFD02176E56800D2EF26 /* Resources */ = {
			isa = PBXResourcesBuildPhase;
			buildActionMask = 2147483647;
			files = (
				1FF0AFE02176E56B00D2EF26 /* LaunchScreen.storyboard in Resources */,
				1FF0AFDD2176E56B00D2EF26 /* Assets.xcassets in Resources */,
				1FF0AFDB2176E56800D2EF26 /* Main.storyboard in Resources */,
			);
			runOnlyForDeploymentPostprocessing = 0;
		};
/* End PBXResourcesBuildPhase section */

/* Begin PBXShellScriptBuildPhase section */
		6014F1F3118A832D68976073 /* [CP] Copy Pods Resources */ = {
			isa = PBXShellScriptBuildPhase;
			buildActionMask = 2147483647;
			files = (
			);
			inputPaths = (
				"${SRCROOT}/Pods/Target Support Files/Pods-googleMap/Pods-googleMap-resources.sh",
				"${PODS_ROOT}/GoogleMaps/Maps/Frameworks/GoogleMaps.framework/Resources/GoogleMaps.bundle",
				"${PODS_ROOT}/GooglePlaces/Frameworks/GooglePlaces.framework/Resources/GooglePlaces.bundle",
			);
			name = "[CP] Copy Pods Resources";
			outputPaths = (
				"${TARGET_BUILD_DIR}/${UNLOCALIZED_RESOURCES_FOLDER_PATH}/GoogleMaps.bundle",
				"${TARGET_BUILD_DIR}/${UNLOCALIZED_RESOURCES_FOLDER_PATH}/GooglePlaces.bundle",
			);
			runOnlyForDeploymentPostprocessing = 0;
			shellPath = /bin/sh;
			shellScript = "\"${SRCROOT}/Pods/Target Support Files/Pods-googleMap/Pods-googleMap-resources.sh\"\n";
			showEnvVarsInLog = 0;
		};
		B847E71A6582F5271A53FEAC /* [CP] Embed Pods Frameworks */ = {
			isa = PBXShellScriptBuildPhase;
			buildActionMask = 2147483647;
			files = (
			);
			inputPaths = (
				"${SRCROOT}/Pods/Target Support Files/Pods-googleMap/Pods-googleMap-frameworks.sh",
				"${BUILT_PRODUCTS_DIR}/Alamofire/Alamofire.framework",
				"${BUILT_PRODUCTS_DIR}/SwiftyJSON/SwiftyJSON.framework",
			);
			name = "[CP] Embed Pods Frameworks";
			outputPaths = (
				"${TARGET_BUILD_DIR}/${FRAMEWORKS_FOLDER_PATH}/Alamofire.framework",
				"${TARGET_BUILD_DIR}/${FRAMEWORKS_FOLDER_PATH}/SwiftyJSON.framework",
			);
			runOnlyForDeploymentPostprocessing = 0;
			shellPath = /bin/sh;
			shellScript = "\"${SRCROOT}/Pods/Target Support Files/Pods-googleMap/Pods-googleMap-frameworks.sh\"\n";
			showEnvVarsInLog = 0;
		};
		C3B48DE294FC26BB6B899B46 /* [CP] Check Pods Manifest.lock */ = {
			isa = PBXShellScriptBuildPhase;
			buildActionMask = 2147483647;
			files = (
			);
			inputPaths = (
				"${PODS_PODFILE_DIR_PATH}/Podfile.lock",
				"${PODS_ROOT}/Manifest.lock",
			);
			name = "[CP] Check Pods Manifest.lock";
			outputPaths = (
				"$(DERIVED_FILE_DIR)/Pods-googleMap-checkManifestLockResult.txt",
			);
			runOnlyForDeploymentPostprocessing = 0;
			shellPath = /bin/sh;
			shellScript = "diff \"${PODS_PODFILE_DIR_PATH}/Podfile.lock\" \"${PODS_ROOT}/Manifest.lock\" > /dev/null\nif [ $? != 0 ] ; then\n    # print error to STDERR\n    echo \"error: The sandbox is not in sync with the Podfile.lock. Run 'pod install' or update your CocoaPods installation.\" >&2\n    exit 1\nfi\n# This output is used by Xcode 'outputs' to avoid re-running this script phase.\necho \"SUCCESS\" > \"${SCRIPT_OUTPUT_FILE_0}\"\n";
			showEnvVarsInLog = 0;
		};
/* End PBXShellScriptBuildPhase section */

/* Begin PBXSourcesBuildPhase section */
		1FF0AFCE2176E56800D2EF26 /* Sources */ = {
			isa = PBXSourcesBuildPhase;
			buildActionMask = 2147483647;
			files = (
				1FF0AFD82176E56800D2EF26 /* ViewController.swift in Sources */,
				1FF0AFD62176E56800D2EF26 /* AppDelegate.swift in Sources */,
			);
			runOnlyForDeploymentPostprocessing = 0;
		};
/* End PBXSourcesBuildPhase section */

/* Begin PBXVariantGroup section */
		1FF0AFD92176E56800D2EF26 /* Main.storyboard */ = {
			isa = PBXVariantGroup;
			children = (
				1FF0AFDA2176E56800D2EF26 /* Base */,
			);
			name = Main.storyboard;
			sourceTree = "<group>";
		};
		1FF0AFDE2176E56B00D2EF26 /* LaunchScreen.storyboard */ = {
			isa = PBXVariantGroup;
			children = (
				1FF0AFDF2176E56B00D2EF26 /* Base */,
			);
			name = LaunchScreen.storyboard;
			sourceTree = "<group>";
		};
/* End PBXVariantGroup section */

/* Begin XCBuildConfiguration section */
		1FF0AFE22176E56B00D2EF26 /* Debug */ = {
			isa = XCBuildConfiguration;
			buildSettings = {
				ALWAYS_SEARCH_USER_PATHS = NO;
				CLANG_ANALYZER_NONNULL = YES;
				CLANG_ANALYZER_NUMBER_OBJECT_CONVERSION = YES_AGGRESSIVE;
				CLANG_CXX_LANGUAGE_STANDARD = "gnu++14";
				CLANG_CXX_LIBRARY = "libc++";
				CLANG_ENABLE_MODULES = YES;
				CLANG_ENABLE_OBJC_ARC = YES;
				CLANG_ENABLE_OBJC_WEAK = YES;
				CLANG_WARN_BLOCK_CAPTURE_AUTORELEASING = YES;
				CLANG_WARN_BOOL_CONVERSION = YES;
				CLANG_WARN_COMMA = YES;
				CLANG_WARN_CONSTANT_CONVERSION = YES;
				CLANG_WARN_DEPRECATED_OBJC_IMPLEMENTATIONS = YES;
				CLANG_WARN_DIRECT_OBJC_ISA_USAGE = YES_ERROR;
				CLANG_WARN_DOCUMENTATION_COMMENTS = YES;
				CLANG_WARN_EMPTY_BODY = YES;
				CLANG_WARN_ENUM_CONVERSION = YES;
				CLANG_WARN_INFINITE_RECURSION = YES;
				CLANG_WARN_INT_CONVERSION = YES;
				CLANG_WARN_NON_LITERAL_NULL_CONVERSION = YES;
				CLANG_WARN_OBJC_IMPLICIT_RETAIN_SELF = YES;
				CLANG_WARN_OBJC_LITERAL_CONVERSION = YES;
				CLANG_WARN_OBJC_ROOT_CLASS = YES_ERROR;
				CLANG_WARN_RANGE_LOOP_ANALYSIS = YES;
				CLANG_WARN_STRICT_PROTOTYPES = YES;
				CLANG_WARN_SUSPICIOUS_MOVE = YES;
				CLANG_WARN_UNGUARDED_AVAILABILITY = YES_AGGRESSIVE;
				CLANG_WARN_UNREACHABLE_CODE = YES;
				CLANG_WARN__DUPLICATE_METHOD_MATCH = YES;
				CODE_SIGN_IDENTITY = "iPhone Developer";
				COPY_PHASE_STRIP = NO;
				DEBUG_INFORMATION_FORMAT = dwarf;
				ENABLE_STRICT_OBJC_MSGSEND = YES;
				ENABLE_TESTABILITY = YES;
				GCC_C_LANGUAGE_STANDARD = gnu11;
				GCC_DYNAMIC_NO_PIC = NO;
				GCC_NO_COMMON_BLOCKS = YES;
				GCC_OPTIMIZATION_LEVEL = 0;
				GCC_PREPROCESSOR_DEFINITIONS = (
					"DEBUG=1",
					"$(inherited)",
				);
				GCC_WARN_64_TO_32_BIT_CONVERSION = YES;
				GCC_WARN_ABOUT_RETURN_TYPE = YES_ERROR;
				GCC_WARN_UNDECLARED_SELECTOR = YES;
				GCC_WARN_UNINITIALIZED_AUTOS = YES_AGGRESSIVE;
				GCC_WARN_UNUSED_FUNCTION = YES;
				GCC_WARN_UNUSED_VARIABLE = YES;
				IPHONEOS_DEPLOYMENT_TARGET = 11.4;
				MTL_ENABLE_DEBUG_INFO = YES;
				ONLY_ACTIVE_ARCH = YES;
				SDKROOT = iphoneos;
				SWIFT_ACTIVE_COMPILATION_CONDITIONS = DEBUG;
				SWIFT_OPTIMIZATION_LEVEL = "-Onone";
			};
			name = Debug;
		};
		1FF0AFE32176E56B00D2EF26 /* Release */ = {
			isa = XCBuildConfiguration;
			buildSettings = {
				ALWAYS_SEARCH_USER_PATHS = NO;
				CLANG_ANALYZER_NONNULL = YES;
				CLANG_ANALYZER_NUMBER_OBJECT_CONVERSION = YES_AGGRESSIVE;
				CLANG_CXX_LANGUAGE_STANDARD = "gnu++14";
				CLANG_CXX_LIBRARY = "libc++";
				CLANG_ENABLE_MODULES = YES;
				CLANG_ENABLE_OBJC_ARC = YES;
				CLANG_ENABLE_OBJC_WEAK = YES;
				CLANG_WARN_BLOCK_CAPTURE_AUTORELEASING = YES;
				CLANG_WARN_BOOL_CONVERSION = YES;
				CLANG_WARN_COMMA = YES;
				CLANG_WARN_CONSTANT_CONVERSION = YES;
				CLANG_WARN_DEPRECATED_OBJC_IMPLEMENTATIONS = YES;
				CLANG_WARN_DIRECT_OBJC_ISA_USAGE = YES_ERROR;
				CLANG_WARN_DOCUMENTATION_COMMENTS = YES;
				CLANG_WARN_EMPTY_BODY = YES;
				CLANG_WARN_ENUM_CONVERSION = YES;
				CLANG_WARN_INFINITE_RECURSION = YES;
				CLANG_WARN_INT_CONVERSION = YES;
				CLANG_WARN_NON_LITERAL_NULL_CONVERSION = YES;
				CLANG_WARN_OBJC_IMPLICIT_RETAIN_SELF = YES;
				CLANG_WARN_OBJC_LITERAL_CONVERSION = YES;
				CLANG_WARN_OBJC_ROOT_CLASS = YES_ERROR;
				CLANG_WARN_RANGE_LOOP_ANALYSIS = YES;
				CLANG_WARN_STRICT_PROTOTYPES = YES;
				CLANG_WARN_SUSPICIOUS_MOVE = YES;
				CLANG_WARN_UNGUARDED_AVAILABILITY = YES_AGGRESSIVE;
				CLANG_WARN_UNREACHABLE_CODE = YES;
				CLANG_WARN__DUPLICATE_METHOD_MATCH = YES;
				CODE_SIGN_IDENTITY = "iPhone Developer";
				COPY_PHASE_STRIP = NO;
				DEBUG_INFORMATION_FORMAT = "dwarf-with-dsym";
				ENABLE_NS_ASSERTIONS = NO;
				ENABLE_STRICT_OBJC_MSGSEND = YES;
				GCC_C_LANGUAGE_STANDARD = gnu11;
				GCC_NO_COMMON_BLOCKS = YES;
				GCC_WARN_64_TO_32_BIT_CONVERSION = YES;
				GCC_WARN_ABOUT_RETURN_TYPE = YES_ERROR;
				GCC_WARN_UNDECLARED_SELECTOR = YES;
				GCC_WARN_UNINITIALIZED_AUTOS = YES_AGGRESSIVE;
				GCC_WARN_UNUSED_FUNCTION = YES;
				GCC_WARN_UNUSED_VARIABLE = YES;
				IPHONEOS_DEPLOYMENT_TARGET = 11.4;
				MTL_ENABLE_DEBUG_INFO = NO;
				SDKROOT = iphoneos;
				SWIFT_COMPILATION_MODE = wholemodule;
				SWIFT_OPTIMIZATION_LEVEL = "-O";
				VALIDATE_PRODUCT = YES;
			};
			name = Release;
		};
		1FF0AFE52176E56B00D2EF26 /* Debug */ = {
			isa = XCBuildConfiguration;
			baseConfigurationReference = FD292D84386B51209B12C6FD /* Pods-googleMap.debug.xcconfig */;
			buildSettings = {
				ASSETCATALOG_COMPILER_APPICON_NAME = AppIcon;
				CODE_SIGN_STYLE = Automatic;
				DEVELOPMENT_TEAM = X4MWAKUKHC;
				INFOPLIST_FILE = googleMap/Info.plist;
				LD_RUNPATH_SEARCH_PATHS = (
					"$(inherited)",
					"@executable_path/Frameworks",
				);
				PRODUCT_BUNDLE_IDENTIFIER = com.nahniv.googleMap;
				PRODUCT_NAME = "$(TARGET_NAME)";
				SWIFT_VERSION = 4.0;
				TARGETED_DEVICE_FAMILY = "1,2";
			};
			name = Debug;
		};
		1FF0AFE62176E56B00D2EF26 /* Release */ = {
			isa = XCBuildConfiguration;
			baseConfigurationReference = 584B0D4A8D9419C683BFE1C5 /* Pods-googleMap.release.xcconfig */;
			buildSettings = {
				ASSETCATALOG_COMPILER_APPICON_NAME = AppIcon;
				CODE_SIGN_STYLE = Automatic;
				DEVELOPMENT_TEAM = X4MWAKUKHC;
				INFOPLIST_FILE = googleMap/Info.plist;
				LD_RUNPATH_SEARCH_PATHS = (
					"$(inherited)",
					"@executable_path/Frameworks",
				);
				PRODUCT_BUNDLE_IDENTIFIER = com.nahniv.googleMap;
				PRODUCT_NAME = "$(TARGET_NAME)";
				SWIFT_VERSION = 4.0;
				TARGETED_DEVICE_FAMILY = "1,2";
			};
			name = Release;
		};
/* End XCBuildConfiguration section */

/* Begin XCConfigurationList section */
		1FF0AFCD2176E56800D2EF26 /* Build configuration list for PBXProject "googleMap" */ = {
			isa = XCConfigurationList;
			buildConfigurations = (
				1FF0AFE22176E56B00D2EF26 /* Debug */,
				1FF0AFE32176E56B00D2EF26 /* Release */,
			);
			defaultConfigurationIsVisible = 0;
			defaultConfigurationName = Release;
		};
		1FF0AFE42176E56B00D2EF26 /* Build configuration list for PBXNativeTarget "googleMap" */ = {
			isa = XCConfigurationList;
			buildConfigurations = (
				1FF0AFE52176E56B00D2EF26 /* Debug */,
				1FF0AFE62176E56B00D2EF26 /* Release */,
			);
			defaultConfigurationIsVisible = 0;
			defaultConfigurationName = Release;
		};
/* End XCConfigurationList section */
	};
	rootObject = 1FF0AFCA2176E56800D2EF26 /* Project object */;
}
